
Microsoft Visual Studio Solution File, Format Version 12.00
# Visual Studio Version 16
VisualStudioVersion = 16.0.33214.272
MinimumVisualStudioVersion = 10.0.40219.1
Project("{FAE04EC0-301F-11D3-BF4B-00C04F79EFBC}") = "BlazorMatchGame", "BlazorMatchGame.csproj", "{C38A18C1-D871-447A-9B0C-53E64F65489A}"
EndProject
Global
	GlobalSection(SolutionConfigurationPlatforms) = preSolution
		Debug|Any CPU = Debug|Any CPU
		Release|Any CPU = Release|Any CPU
	EndGlobalSection
	GlobalSection(ProjectConfigurationPlatforms) = postSolution
		{C38A18C1-D871-447A-9B0C-53E64F65489A}.Debug|Any CPU.ActiveCfg = Debug|Any CPU
		{C38A18C1-D871-447A-9B0C-53E64F65489A}.Debug|Any CPU.Build.0 = Debug|Any CPU
		{C38A18C1-D871-447A-9B0C-53E64F65489A}.Release|Any CPU.ActiveCfg = Release|Any CPU
		{C38A18C1-D871-447A-9B0C-53E64F65489A}.Release|Any CPU.Build.0 = Release|Any CPU
	EndGlobalSection
	GlobalSection(SolutionProperties) = preSolution
		HideSolutionNode = FALSE
	EndGlobalSection
	GlobalSection(ExtensibilityGlobals) = postSolution
		SolutionGuid = {AABE420B-12BF-4033-B500-278C21E20174}
	EndGlobalSection
EndGlobal
